
Microsoft Visual Studio Solution File, Format Version 12.00
# Visual Studio Version 17
VisualStudioVersion = 17.14.36408.4
MinimumVisualStudioVersion = 10.0.40219.1
Project("{FAE04EC0-301F-11D3-BF4B-00C04F79EFBC}") = "Producer", "Producer\Producer.csproj", "{99244673-200F-4742-965F-BB0B1324A081}"
EndProject
Project("{FAE04EC0-301F-11D3-BF4B-00C04F79EFBC}") = "Consumer", "Consumer\Consumer.csproj", "{DC1987F4-E656-4374-847C-9C4E8A4E46D3}"
EndProject
Global
	GlobalSection(SolutionConfigurationPlatforms) = preSolution
		Debug|Any CPU = Debug|Any CPU
		Release|Any CPU = Release|Any CPU
	EndGlobalSection
	GlobalSection(ProjectConfigurationPlatforms) = postSolution
		{99244673-200F-4742-965F-BB0B1324A081}.Debug|Any CPU.ActiveCfg = Debug|Any CPU
		{99244673-200F-4742-965F-BB0B1324A081}.Debug|Any CPU.Build.0 = Debug|Any CPU
		{99244673-200F-4742-965F-BB0B1324A081}.Release|Any CPU.ActiveCfg = Release|Any CPU
		{99244673-200F-4742-965F-BB0B1324A081}.Release|Any CPU.Build.0 = Release|Any CPU
		{DC1987F4-E656-4374-847C-9C4E8A4E46D3}.Debug|Any CPU.ActiveCfg = Debug|Any CPU
		{DC1987F4-E656-4374-847C-9C4E8A4E46D3}.Debug|Any CPU.Build.0 = Debug|Any CPU
		{DC1987F4-E656-4374-847C-9C4E8A4E46D3}.Release|Any CPU.ActiveCfg = Release|Any CPU
		{DC1987F4-E656-4374-847C-9C4E8A4E46D3}.Release|Any CPU.Build.0 = Release|Any CPU
	EndGlobalSection
	GlobalSection(SolutionProperties) = preSolution
		HideSolutionNode = FALSE
	EndGlobalSection
	GlobalSection(ExtensibilityGlobals) = postSolution
		SolutionGuid = {3C43F1D5-7FC8-4FBE-90D5-ADA55D6EB041}
	EndGlobalSection
EndGlobal
