
Microsoft Visual Studio Solution File, Format Version 12.00
# Visual Studio Version 17
VisualStudioVersion = 17.14.36408.4 d17.14
MinimumVisualStudioVersion = 10.0.40219.1
Project("{FAE04EC0-301F-11D3-BF4B-00C04F79EFBC}") = "MensageriaMassTransit2", "MensageriaMassTransit2\MensageriaMassTransit2.csproj", "{7121C6A0-C47B-4968-B1C8-69B1832C130A}"
EndProject
Global
	GlobalSection(SolutionConfigurationPlatforms) = preSolution
		Debug|Any CPU = Debug|Any CPU
		Release|Any CPU = Release|Any CPU
	EndGlobalSection
	GlobalSection(ProjectConfigurationPlatforms) = postSolution
		{7121C6A0-C47B-4968-B1C8-69B1832C130A}.Debug|Any CPU.ActiveCfg = Debug|Any CPU
		{7121C6A0-C47B-4968-B1C8-69B1832C130A}.Debug|Any CPU.Build.0 = Debug|Any CPU
		{7121C6A0-C47B-4968-B1C8-69B1832C130A}.Release|Any CPU.ActiveCfg = Release|Any CPU
		{7121C6A0-C47B-4968-B1C8-69B1832C130A}.Release|Any CPU.Build.0 = Release|Any CPU
	EndGlobalSection
	GlobalSection(SolutionProperties) = preSolution
		HideSolutionNode = FALSE
	EndGlobalSection
	GlobalSection(ExtensibilityGlobals) = postSolution
		SolutionGuid = {2192EB31-662D-469B-A6F4-A82083D4B580}
	EndGlobalSection
EndGlobal
